
Microsoft Visual Studio Solution File, Format Version 12.00
# Visual Studio Version 17
VisualStudioVersion = 17.1.32319.34
MinimumVisualStudioVersion = 10.0.40219.1
Project("{FAE04EC0-301F-11D3-BF4B-00C04F79EFBC}") = "P2COCO", "P2COCO\P2COCO.csproj", "{BC6FC5C5-B6CA-42DF-84B1-524ACBEB026B}"
EndProject
Global
	GlobalSection(SolutionConfigurationPlatforms) = preSolution
		Debug|Any CPU = Debug|Any CPU
		Release|Any CPU = Release|Any CPU
	EndGlobalSection
	GlobalSection(ProjectConfigurationPlatforms) = postSolution
		{BC6FC5C5-B6CA-42DF-84B1-524ACBEB026B}.Debug|Any CPU.ActiveCfg = Debug|Any CPU
		{BC6FC5C5-B6CA-42DF-84B1-524ACBEB026B}.Debug|Any CPU.Build.0 = Debug|Any CPU
		{BC6FC5C5-B6CA-42DF-84B1-524ACBEB026B}.Release|Any CPU.ActiveCfg = Release|Any CPU
		{BC6FC5C5-B6CA-42DF-84B1-524ACBEB026B}.Release|Any CPU.Build.0 = Release|Any CPU
	EndGlobalSection
	GlobalSection(SolutionProperties) = preSolution
		HideSolutionNode = FALSE
	EndGlobalSection
	GlobalSection(ExtensibilityGlobals) = postSolution
		SolutionGuid = {6EBBA3BB-2C6E-4D7B-A0C6-571F55BFAC7A}
	EndGlobalSection
EndGlobal
